
Microsoft Visual Studio Solution File, Format Version 12.00
# Visual Studio Version 17
VisualStudioVersion = 17.11.35303.130
MinimumVisualStudioVersion = 10.0.40219.1
Project("{FAE04EC0-301F-11D3-BF4B-00C04F79EFBC}") = "Aula 1", "Aula 1\Aula 1.csproj", "{A3FFC895-62E2-40B7-BE8A-ED8F083654BB}"
EndProject
Project("{FAE04EC0-301F-11D3-BF4B-00C04F79EFBC}") = "Aula 2", "Aula 2\Aula 2.csproj", "{69922D6C-2EE3-4D65-A642-99D9F5A8D5DE}"
EndProject
Project("{FAE04EC0-301F-11D3-BF4B-00C04F79EFBC}") = "Aula 3 - static", "Aula 3\Aula 3 - static.csproj", "{BC34D667-D358-47E0-8829-5CD0AF8B09CF}"
EndProject
Project("{FAE04EC0-301F-11D3-BF4B-00C04F79EFBC}") = "Aula 4 - Pilares", "Aula 4 - Pilares\Aula 4 - Pilares.csproj", "{8ADA7C80-C443-462D-80F9-8E90B82DE652}"
EndProject
Project("{FAE04EC0-301F-11D3-BF4B-00C04F79EFBC}") = "Aula 5 - Heranca", "Aula 5 - Heranca\Aula 5 - Heranca.csproj", "{EA470FBA-C907-4F28-A20D-B86FD55CC458}"
EndProject
Project("{FAE04EC0-301F-11D3-BF4B-00C04F79EFBC}") = "Aula 6 - UsaLibraries", "Aula 6 - UsaLibraries\Aula 6 - UsaLibraries.csproj", "{1CB12E35-68D2-4B67-86DB-3EC51A0F254C}"
EndProject
Project("{FAE04EC0-301F-11D3-BF4B-00C04F79EFBC}") = "Aula 6 - PessoasLib", "Aula 6 - PessoasLib\Aula 6 - PessoasLib.csproj", "{5A60170F-2F27-4EF1-9A9D-36E1CB5990EE}"
EndProject
Project("{FAE04EC0-301F-11D3-BF4B-00C04F79EFBC}") = "Aula 6 - PessoaLib", "Aula 6 - PessoaLib\Aula 6 - PessoaLib.csproj", "{C8507854-99AB-455D-933B-5F91D01B00DD}"
EndProject
Project("{FAE04EC0-301F-11D3-BF4B-00C04F79EFBC}") = "Aula 7 - Collections", "Aula 7 - Collections\Aula 7 - Collections.csproj", "{10B7AA86-3B65-43B9-BCA7-9CE1C4148F23}"
EndProject
Project("{FAE04EC0-301F-11D3-BF4B-00C04F79EFBC}") = "Aula 8 - Generics", "Aula 8 - Generics\Aula 8 - Generics.csproj", "{06E65429-87B3-4C7C-A11F-8DD528A01E43}"
EndProject
Project("{2150E333-8FDC-42A3-9474-1A3956D46DE8}") = "Patterns", "Patterns", "{5AA05BF9-4A69-465E-A762-F1D290A29E6C}"
EndProject
Project("{2150E333-8FDC-42A3-9474-1A3956D46DE8}") = "NTier", "NTier", "{325DE06D-F015-48B2-967D-07BD27953EF1}"
EndProject
Project("{FAE04EC0-301F-11D3-BF4B-00C04F79EFBC}") = "BO", "Aula 9 - Patterns\NTier I\BO\BO.csproj", "{958A948E-F487-479A-9BD9-3EAE55D81BE2}"
EndProject
Project("{FAE04EC0-301F-11D3-BF4B-00C04F79EFBC}") = "Dados", "Aula 9 - Patterns\NTier I\Dados\Dados.csproj", "{EE162886-9727-48B7-ABB7-DEDC64C02BA0}"
EndProject
Project("{FAE04EC0-301F-11D3-BF4B-00C04F79EFBC}") = "GereTurma", "Aula 9 - Patterns\NTier I\GereTurma\GereTurma.csproj", "{2B1745F3-4C84-42C4-BBE3-818DC206B7BC}"
EndProject
Project("{FAE04EC0-301F-11D3-BF4B-00C04F79EFBC}") = "Regras", "Aula 9 - Patterns\NTier I\Regras\Regras.csproj", "{3C40AA4C-0849-4D71-BBA7-9FD3DE890A4F}"
EndProject
Project("{2150E333-8FDC-42A3-9474-1A3956D46DE8}") = "MVC", "MVC", "{17753D4B-C271-43DE-953E-1B99949B63A9}"
EndProject
Project("{FAE04EC0-301F-11D3-BF4B-00C04F79EFBC}") = "MVC_I", "Aula 9 - Patterns\MVC\MVC_I\MVC_I.csproj", "{F07A5802-0E69-4252-A885-B5AAF72C6B27}"
EndProject
Project("{2150E333-8FDC-42A3-9474-1A3956D46DE8}") = "Patterns", "Patterns", "{51643429-52F1-4561-9E01-F1F05B92D0B0}"
EndProject
Project("{FAE04EC0-301F-11D3-BF4B-00C04F79EFBC}") = "Patterns I", "Aula 9 - Patterns\Patterns I\Patterns I.csproj", "{1F323749-4E0A-43DC-8698-24E2769AD436}"
EndProject
Project("{FAE04EC0-301F-11D3-BF4B-00C04F79EFBC}") = "Aula 10-Files", "Aula 10-Files\Aula 10-Files.csproj", "{672C237E-E4F0-405B-ABE9-9DB4E859B610}"
EndProject
Project("{FAE04EC0-301F-11D3-BF4B-00C04F79EFBC}") = "Exceptions", "Aula 9 - Patterns\NTier I\Exceptions\Exceptions.csproj", "{8C942B11-85E9-4ED8-9E62-8EB8B313428D}"
EndProject
Project("{FAE04EC0-301F-11D3-BF4B-00C04F79EFBC}") = "MVC_II", "Aula 9 - Patterns\MVC\MVC_II\MVC_II.csproj", "{F10A19C6-A2B5-4DD8-BA4E-97940126D16D}"
EndProject
Project("{9A19103F-16F7-4668-BE54-9A1E7A4F7556}") = "TestAula1", "TestAula1\TestAula1.csproj", "{7AC27E4E-43E7-41B0-9837-F7724B05BF42}"
EndProject
Project("{2150E333-8FDC-42A3-9474-1A3956D46DE8}") = "Outros", "Outros", "{F8DB0AAA-3E62-4E0D-BE77-7DB67E4715A9}"
EndProject
Global
	GlobalSection(SolutionConfigurationPlatforms) = preSolution
		Debug|Any CPU = Debug|Any CPU
		Release|Any CPU = Release|Any CPU
	EndGlobalSection
	GlobalSection(ProjectConfigurationPlatforms) = postSolution
		{A3FFC895-62E2-40B7-BE8A-ED8F083654BB}.Debug|Any CPU.ActiveCfg = Debug|Any CPU
		{A3FFC895-62E2-40B7-BE8A-ED8F083654BB}.Debug|Any CPU.Build.0 = Debug|Any CPU
		{A3FFC895-62E2-40B7-BE8A-ED8F083654BB}.Release|Any CPU.ActiveCfg = Release|Any CPU
		{A3FFC895-62E2-40B7-BE8A-ED8F083654BB}.Release|Any CPU.Build.0 = Release|Any CPU
		{69922D6C-2EE3-4D65-A642-99D9F5A8D5DE}.Debug|Any CPU.ActiveCfg = Debug|Any CPU
		{69922D6C-2EE3-4D65-A642-99D9F5A8D5DE}.Debug|Any CPU.Build.0 = Debug|Any CPU
		{69922D6C-2EE3-4D65-A642-99D9F5A8D5DE}.Release|Any CPU.ActiveCfg = Release|Any CPU
		{69922D6C-2EE3-4D65-A642-99D9F5A8D5DE}.Release|Any CPU.Build.0 = Release|Any CPU
		{BC34D667-D358-47E0-8829-5CD0AF8B09CF}.Debug|Any CPU.ActiveCfg = Debug|Any CPU
		{BC34D667-D358-47E0-8829-5CD0AF8B09CF}.Debug|Any CPU.Build.0 = Debug|Any CPU
		{BC34D667-D358-47E0-8829-5CD0AF8B09CF}.Release|Any CPU.ActiveCfg = Release|Any CPU
		{BC34D667-D358-47E0-8829-5CD0AF8B09CF}.Release|Any CPU.Build.0 = Release|Any CPU
		{8ADA7C80-C443-462D-80F9-8E90B82DE652}.Debug|Any CPU.ActiveCfg = Debug|Any CPU
		{8ADA7C80-C443-462D-80F9-8E90B82DE652}.Debug|Any CPU.Build.0 = Debug|Any CPU
		{8ADA7C80-C443-462D-80F9-8E90B82DE652}.Release|Any CPU.ActiveCfg = Release|Any CPU
		{8ADA7C80-C443-462D-80F9-8E90B82DE652}.Release|Any CPU.Build.0 = Release|Any CPU
		{EA470FBA-C907-4F28-A20D-B86FD55CC458}.Debug|Any CPU.ActiveCfg = Debug|Any CPU
		{EA470FBA-C907-4F28-A20D-B86FD55CC458}.Debug|Any CPU.Build.0 = Debug|Any CPU
		{EA470FBA-C907-4F28-A20D-B86FD55CC458}.Release|Any CPU.ActiveCfg = Release|Any CPU
		{EA470FBA-C907-4F28-A20D-B86FD55CC458}.Release|Any CPU.Build.0 = Release|Any CPU
		{1CB12E35-68D2-4B67-86DB-3EC51A0F254C}.Debug|Any CPU.ActiveCfg = Debug|Any CPU
		{1CB12E35-68D2-4B67-86DB-3EC51A0F254C}.Debug|Any CPU.Build.0 = Debug|Any CPU
		{1CB12E35-68D2-4B67-86DB-3EC51A0F254C}.Release|Any CPU.ActiveCfg = Release|Any CPU
		{1CB12E35-68D2-4B67-86DB-3EC51A0F254C}.Release|Any CPU.Build.0 = Release|Any CPU
		{5A60170F-2F27-4EF1-9A9D-36E1CB5990EE}.Debug|Any CPU.ActiveCfg = Debug|Any CPU
		{5A60170F-2F27-4EF1-9A9D-36E1CB5990EE}.Debug|Any CPU.Build.0 = Debug|Any CPU
		{5A60170F-2F27-4EF1-9A9D-36E1CB5990EE}.Release|Any CPU.ActiveCfg = Release|Any CPU
		{5A60170F-2F27-4EF1-9A9D-36E1CB5990EE}.Release|Any CPU.Build.0 = Release|Any CPU
		{C8507854-99AB-455D-933B-5F91D01B00DD}.Debug|Any CPU.ActiveCfg = Debug|Any CPU
		{C8507854-99AB-455D-933B-5F91D01B00DD}.Debug|Any CPU.Build.0 = Debug|Any CPU
		{C8507854-99AB-455D-933B-5F91D01B00DD}.Release|Any CPU.ActiveCfg = Release|Any CPU
		{C8507854-99AB-455D-933B-5F91D01B00DD}.Release|Any CPU.Build.0 = Release|Any CPU
		{10B7AA86-3B65-43B9-BCA7-9CE1C4148F23}.Debug|Any CPU.ActiveCfg = Debug|Any CPU
		{10B7AA86-3B65-43B9-BCA7-9CE1C4148F23}.Debug|Any CPU.Build.0 = Debug|Any CPU
		{10B7AA86-3B65-43B9-BCA7-9CE1C4148F23}.Release|Any CPU.ActiveCfg = Release|Any CPU
		{10B7AA86-3B65-43B9-BCA7-9CE1C4148F23}.Release|Any CPU.Build.0 = Release|Any CPU
		{06E65429-87B3-4C7C-A11F-8DD528A01E43}.Debug|Any CPU.ActiveCfg = Debug|Any CPU
		{06E65429-87B3-4C7C-A11F-8DD528A01E43}.Debug|Any CPU.Build.0 = Debug|Any CPU
		{06E65429-87B3-4C7C-A11F-8DD528A01E43}.Release|Any CPU.ActiveCfg = Release|Any CPU
		{06E65429-87B3-4C7C-A11F-8DD528A01E43}.Release|Any CPU.Build.0 = Release|Any CPU
		{958A948E-F487-479A-9BD9-3EAE55D81BE2}.Debug|Any CPU.ActiveCfg = Debug|Any CPU
		{958A948E-F487-479A-9BD9-3EAE55D81BE2}.Debug|Any CPU.Build.0 = Debug|Any CPU
		{958A948E-F487-479A-9BD9-3EAE55D81BE2}.Release|Any CPU.ActiveCfg = Release|Any CPU
		{958A948E-F487-479A-9BD9-3EAE55D81BE2}.Release|Any CPU.Build.0 = Release|Any CPU
		{EE162886-9727-48B7-ABB7-DEDC64C02BA0}.Debug|Any CPU.ActiveCfg = Debug|Any CPU
		{EE162886-9727-48B7-ABB7-DEDC64C02BA0}.Debug|Any CPU.Build.0 = Debug|Any CPU
		{EE162886-9727-48B7-ABB7-DEDC64C02BA0}.Release|Any CPU.ActiveCfg = Release|Any CPU
		{EE162886-9727-48B7-ABB7-DEDC64C02BA0}.Release|Any CPU.Build.0 = Release|Any CPU
		{2B1745F3-4C84-42C4-BBE3-818DC206B7BC}.Debug|Any CPU.ActiveCfg = Debug|Any CPU
		{2B1745F3-4C84-42C4-BBE3-818DC206B7BC}.Debug|Any CPU.Build.0 = Debug|Any CPU
		{2B1745F3-4C84-42C4-BBE3-818DC206B7BC}.Release|Any CPU.ActiveCfg = Release|Any CPU
		{2B1745F3-4C84-42C4-BBE3-818DC206B7BC}.Release|Any CPU.Build.0 = Release|Any CPU
		{3C40AA4C-0849-4D71-BBA7-9FD3DE890A4F}.Debug|Any CPU.ActiveCfg = Debug|Any CPU
		{3C40AA4C-0849-4D71-BBA7-9FD3DE890A4F}.Debug|Any CPU.Build.0 = Debug|Any CPU
		{3C40AA4C-0849-4D71-BBA7-9FD3DE890A4F}.Release|Any CPU.ActiveCfg = Release|Any CPU
		{3C40AA4C-0849-4D71-BBA7-9FD3DE890A4F}.Release|Any CPU.Build.0 = Release|Any CPU
		{F07A5802-0E69-4252-A885-B5AAF72C6B27}.Debug|Any CPU.ActiveCfg = Debug|Any CPU
		{F07A5802-0E69-4252-A885-B5AAF72C6B27}.Debug|Any CPU.Build.0 = Debug|Any CPU
		{F07A5802-0E69-4252-A885-B5AAF72C6B27}.Release|Any CPU.ActiveCfg = Release|Any CPU
		{F07A5802-0E69-4252-A885-B5AAF72C6B27}.Release|Any CPU.Build.0 = Release|Any CPU
		{1F323749-4E0A-43DC-8698-24E2769AD436}.Debug|Any CPU.ActiveCfg = Debug|Any CPU
		{1F323749-4E0A-43DC-8698-24E2769AD436}.Debug|Any CPU.Build.0 = Debug|Any CPU
		{1F323749-4E0A-43DC-8698-24E2769AD436}.Release|Any CPU.ActiveCfg = Release|Any CPU
		{1F323749-4E0A-43DC-8698-24E2769AD436}.Release|Any CPU.Build.0 = Release|Any CPU
		{672C237E-E4F0-405B-ABE9-9DB4E859B610}.Debug|Any CPU.ActiveCfg = Debug|Any CPU
		{672C237E-E4F0-405B-ABE9-9DB4E859B610}.Debug|Any CPU.Build.0 = Debug|Any CPU
		{672C237E-E4F0-405B-ABE9-9DB4E859B610}.Release|Any CPU.ActiveCfg = Release|Any CPU
		{672C237E-E4F0-405B-ABE9-9DB4E859B610}.Release|Any CPU.Build.0 = Release|Any CPU
		{8C942B11-85E9-4ED8-9E62-8EB8B313428D}.Debug|Any CPU.ActiveCfg = Debug|Any CPU
		{8C942B11-85E9-4ED8-9E62-8EB8B313428D}.Debug|Any CPU.Build.0 = Debug|Any CPU
		{8C942B11-85E9-4ED8-9E62-8EB8B313428D}.Release|Any CPU.ActiveCfg = Release|Any CPU
		{8C942B11-85E9-4ED8-9E62-8EB8B313428D}.Release|Any CPU.Build.0 = Release|Any CPU
		{F10A19C6-A2B5-4DD8-BA4E-97940126D16D}.Debug|Any CPU.ActiveCfg = Debug|Any CPU
		{F10A19C6-A2B5-4DD8-BA4E-97940126D16D}.Debug|Any CPU.Build.0 = Debug|Any CPU
		{F10A19C6-A2B5-4DD8-BA4E-97940126D16D}.Release|Any CPU.ActiveCfg = Release|Any CPU
		{F10A19C6-A2B5-4DD8-BA4E-97940126D16D}.Release|Any CPU.Build.0 = Release|Any CPU
		{7AC27E4E-43E7-41B0-9837-F7724B05BF42}.Debug|Any CPU.ActiveCfg = Debug|Any CPU
		{7AC27E4E-43E7-41B0-9837-F7724B05BF42}.Debug|Any CPU.Build.0 = Debug|Any CPU
		{7AC27E4E-43E7-41B0-9837-F7724B05BF42}.Release|Any CPU.ActiveCfg = Release|Any CPU
		{7AC27E4E-43E7-41B0-9837-F7724B05BF42}.Release|Any CPU.Build.0 = Release|Any CPU
	EndGlobalSection
	GlobalSection(SolutionProperties) = preSolution
		HideSolutionNode = FALSE
	EndGlobalSection
	GlobalSection(NestedProjects) = preSolution
		{325DE06D-F015-48B2-967D-07BD27953EF1} = {5AA05BF9-4A69-465E-A762-F1D290A29E6C}
		{958A948E-F487-479A-9BD9-3EAE55D81BE2} = {325DE06D-F015-48B2-967D-07BD27953EF1}
		{EE162886-9727-48B7-ABB7-DEDC64C02BA0} = {325DE06D-F015-48B2-967D-07BD27953EF1}
		{2B1745F3-4C84-42C4-BBE3-818DC206B7BC} = {325DE06D-F015-48B2-967D-07BD27953EF1}
		{3C40AA4C-0849-4D71-BBA7-9FD3DE890A4F} = {325DE06D-F015-48B2-967D-07BD27953EF1}
		{17753D4B-C271-43DE-953E-1B99949B63A9} = {5AA05BF9-4A69-465E-A762-F1D290A29E6C}
		{F07A5802-0E69-4252-A885-B5AAF72C6B27} = {17753D4B-C271-43DE-953E-1B99949B63A9}
		{51643429-52F1-4561-9E01-F1F05B92D0B0} = {5AA05BF9-4A69-465E-A762-F1D290A29E6C}
		{1F323749-4E0A-43DC-8698-24E2769AD436} = {51643429-52F1-4561-9E01-F1F05B92D0B0}
		{672C237E-E4F0-405B-ABE9-9DB4E859B610} = {F8DB0AAA-3E62-4E0D-BE77-7DB67E4715A9}
		{8C942B11-85E9-4ED8-9E62-8EB8B313428D} = {325DE06D-F015-48B2-967D-07BD27953EF1}
		{F10A19C6-A2B5-4DD8-BA4E-97940126D16D} = {17753D4B-C271-43DE-953E-1B99949B63A9}
	EndGlobalSection
	GlobalSection(ExtensibilityGlobals) = postSolution
		SolutionGuid = {4C10B84C-40DA-48A9-805E-8CB91519FFF8}
	EndGlobalSection
EndGlobal
